
Microsoft Visual Studio Solution File, Format Version 12.00
# Visual Studio 2013
VisualStudioVersion = 12.0.40629.0
MinimumVisualStudioVersion = 10.0.40219.1
Project("{FAE04EC0-301F-11D3-BF4B-00C04F79EFBC}") = "OpenShare.Net.Library.Common", "OpenShare.Net.Library.Common\OpenShare.Net.Library.Common.csproj", "{3A58B6B6-520F-4338-B147-FEC9CCDA83FE}"
EndProject
Project("{FAE04EC0-301F-11D3-BF4B-00C04F79EFBC}") = "OpenShare.Net.Library.Repository", "OpenShare.Net.Library.Repository\OpenShare.Net.Library.Repository.csproj", "{405E5F18-49DD-4D80-AE98-08F4C29A7784}"
EndProject
Project("{2150E333-8FDC-42A3-9474-1A3956D46DE8}") = ".nuget", ".nuget", "{86653FDD-43E4-48A0-8DC9-BED64E42102B}"
	ProjectSection(SolutionItems) = preProject
		.nuget\NuGet.Config = .nuget\NuGet.Config
		.nuget\NuGet.exe = .nuget\NuGet.exe
		.nuget\NuGet.targets = .nuget\NuGet.targets
	EndProjectSection
EndProject
Project("{FAE04EC0-301F-11D3-BF4B-00C04F79EFBC}") = "OpenShare.Net.Library.Services", "OpenShare.Net.Library.Services\OpenShare.Net.Library.Services.csproj", "{2FD5167A-6931-4461-9ECC-3A14694B6F20}"
EndProject
Project("{FAE04EC0-301F-11D3-BF4B-00C04F79EFBC}") = "OpenShare.Net.Library.Threading", "OpenShare.Net.Library.Threading\OpenShare.Net.Library.Threading.csproj", "{3AE9B418-5A24-4A50-A6F7-F87AC2D103D3}"
EndProject
Project("{2150E333-8FDC-42A3-9474-1A3956D46DE8}") = "Library", "Library", "{A4637326-7247-4232-9316-4A906F91933E}"
EndProject
Project("{FAE04EC0-301F-11D3-BF4B-00C04F79EFBC}") = "OpenShare.Net.UnitTest.UnitTests", "OpenShare.Net.UnitTest.UnitTests\OpenShare.Net.UnitTest.UnitTests.csproj", "{962416C7-4F1A-42A1-84AC-5CA8A75D0768}"
EndProject
Project("{2150E333-8FDC-42A3-9474-1A3956D46DE8}") = "UnitTest", "UnitTest", "{8C15B47C-C9B8-4FC6-9141-6D2D810F3EEF}"
EndProject
Global
	GlobalSection(SolutionConfigurationPlatforms) = preSolution
		Debug|Any CPU = Debug|Any CPU
		Dev|Any CPU = Dev|Any CPU
		QA|Any CPU = QA|Any CPU
		Release|Any CPU = Release|Any CPU
		UAT|Any CPU = UAT|Any CPU
	EndGlobalSection
	GlobalSection(ProjectConfigurationPlatforms) = postSolution
		{3A58B6B6-520F-4338-B147-FEC9CCDA83FE}.Debug|Any CPU.ActiveCfg = Debug|Any CPU
		{3A58B6B6-520F-4338-B147-FEC9CCDA83FE}.Debug|Any CPU.Build.0 = Debug|Any CPU
		{3A58B6B6-520F-4338-B147-FEC9CCDA83FE}.Dev|Any CPU.ActiveCfg = Dev|Any CPU
		{3A58B6B6-520F-4338-B147-FEC9CCDA83FE}.Dev|Any CPU.Build.0 = Dev|Any CPU
		{3A58B6B6-520F-4338-B147-FEC9CCDA83FE}.QA|Any CPU.ActiveCfg = QA|Any CPU
		{3A58B6B6-520F-4338-B147-FEC9CCDA83FE}.QA|Any CPU.Build.0 = QA|Any CPU
		{3A58B6B6-520F-4338-B147-FEC9CCDA83FE}.Release|Any CPU.ActiveCfg = Release|Any CPU
		{3A58B6B6-520F-4338-B147-FEC9CCDA83FE}.Release|Any CPU.Build.0 = Release|Any CPU
		{3A58B6B6-520F-4338-B147-FEC9CCDA83FE}.UAT|Any CPU.ActiveCfg = UAT|Any CPU
		{3A58B6B6-520F-4338-B147-FEC9CCDA83FE}.UAT|Any CPU.Build.0 = UAT|Any CPU
		{405E5F18-49DD-4D80-AE98-08F4C29A7784}.Debug|Any CPU.ActiveCfg = Debug|Any CPU
		{405E5F18-49DD-4D80-AE98-08F4C29A7784}.Debug|Any CPU.Build.0 = Debug|Any CPU
		{405E5F18-49DD-4D80-AE98-08F4C29A7784}.Dev|Any CPU.ActiveCfg = Dev|Any CPU
		{405E5F18-49DD-4D80-AE98-08F4C29A7784}.Dev|Any CPU.Build.0 = Dev|Any CPU
		{405E5F18-49DD-4D80-AE98-08F4C29A7784}.QA|Any CPU.ActiveCfg = QA|Any CPU
		{405E5F18-49DD-4D80-AE98-08F4C29A7784}.QA|Any CPU.Build.0 = QA|Any CPU
		{405E5F18-49DD-4D80-AE98-08F4C29A7784}.Release|Any CPU.ActiveCfg = Release|Any CPU
		{405E5F18-49DD-4D80-AE98-08F4C29A7784}.Release|Any CPU.Build.0 = Release|Any CPU
		{405E5F18-49DD-4D80-AE98-08F4C29A7784}.UAT|Any CPU.ActiveCfg = UAT|Any CPU
		{405E5F18-49DD-4D80-AE98-08F4C29A7784}.UAT|Any CPU.Build.0 = UAT|Any CPU
		{2FD5167A-6931-4461-9ECC-3A14694B6F20}.Debug|Any CPU.ActiveCfg = Debug|Any CPU
		{2FD5167A-6931-4461-9ECC-3A14694B6F20}.Debug|Any CPU.Build.0 = Debug|Any CPU
		{2FD5167A-6931-4461-9ECC-3A14694B6F20}.Dev|Any CPU.ActiveCfg = Dev|Any CPU
		{2FD5167A-6931-4461-9ECC-3A14694B6F20}.Dev|Any CPU.Build.0 = Dev|Any CPU
		{2FD5167A-6931-4461-9ECC-3A14694B6F20}.QA|Any CPU.ActiveCfg = QA|Any CPU
		{2FD5167A-6931-4461-9ECC-3A14694B6F20}.QA|Any CPU.Build.0 = QA|Any CPU
		{2FD5167A-6931-4461-9ECC-3A14694B6F20}.Release|Any CPU.ActiveCfg = Release|Any CPU
		{2FD5167A-6931-4461-9ECC-3A14694B6F20}.Release|Any CPU.Build.0 = Release|Any CPU
		{2FD5167A-6931-4461-9ECC-3A14694B6F20}.UAT|Any CPU.ActiveCfg = UAT|Any CPU
		{2FD5167A-6931-4461-9ECC-3A14694B6F20}.UAT|Any CPU.Build.0 = UAT|Any CPU
		{3AE9B418-5A24-4A50-A6F7-F87AC2D103D3}.Debug|Any CPU.ActiveCfg = Debug|Any CPU
		{3AE9B418-5A24-4A50-A6F7-F87AC2D103D3}.Debug|Any CPU.Build.0 = Debug|Any CPU
		{3AE9B418-5A24-4A50-A6F7-F87AC2D103D3}.Dev|Any CPU.ActiveCfg = Dev|Any CPU
		{3AE9B418-5A24-4A50-A6F7-F87AC2D103D3}.Dev|Any CPU.Build.0 = Dev|Any CPU
		{3AE9B418-5A24-4A50-A6F7-F87AC2D103D3}.QA|Any CPU.ActiveCfg = QA|Any CPU
		{3AE9B418-5A24-4A50-A6F7-F87AC2D103D3}.QA|Any CPU.Build.0 = QA|Any CPU
		{3AE9B418-5A24-4A50-A6F7-F87AC2D103D3}.Release|Any CPU.ActiveCfg = Release|Any CPU
		{3AE9B418-5A24-4A50-A6F7-F87AC2D103D3}.Release|Any CPU.Build.0 = Release|Any CPU
		{3AE9B418-5A24-4A50-A6F7-F87AC2D103D3}.UAT|Any CPU.ActiveCfg = UAT|Any CPU
		{3AE9B418-5A24-4A50-A6F7-F87AC2D103D3}.UAT|Any CPU.Build.0 = UAT|Any CPU
		{962416C7-4F1A-42A1-84AC-5CA8A75D0768}.Debug|Any CPU.ActiveCfg = Debug|Any CPU
		{962416C7-4F1A-42A1-84AC-5CA8A75D0768}.Debug|Any CPU.Build.0 = Debug|Any CPU
		{962416C7-4F1A-42A1-84AC-5CA8A75D0768}.Dev|Any CPU.ActiveCfg = Dev|Any CPU
		{962416C7-4F1A-42A1-84AC-5CA8A75D0768}.Dev|Any CPU.Build.0 = Dev|Any CPU
		{962416C7-4F1A-42A1-84AC-5CA8A75D0768}.QA|Any CPU.ActiveCfg = QA|Any CPU
		{962416C7-4F1A-42A1-84AC-5CA8A75D0768}.QA|Any CPU.Build.0 = QA|Any CPU
		{962416C7-4F1A-42A1-84AC-5CA8A75D0768}.Release|Any CPU.ActiveCfg = Release|Any CPU
		{962416C7-4F1A-42A1-84AC-5CA8A75D0768}.Release|Any CPU.Build.0 = Release|Any CPU
		{962416C7-4F1A-42A1-84AC-5CA8A75D0768}.UAT|Any CPU.ActiveCfg = UAT|Any CPU
		{962416C7-4F1A-42A1-84AC-5CA8A75D0768}.UAT|Any CPU.Build.0 = UAT|Any CPU
	EndGlobalSection
	GlobalSection(SolutionProperties) = preSolution
		HideSolutionNode = FALSE
	EndGlobalSection
	GlobalSection(NestedProjects) = preSolution
		{3A58B6B6-520F-4338-B147-FEC9CCDA83FE} = {A4637326-7247-4232-9316-4A906F91933E}
		{405E5F18-49DD-4D80-AE98-08F4C29A7784} = {A4637326-7247-4232-9316-4A906F91933E}
		{2FD5167A-6931-4461-9ECC-3A14694B6F20} = {A4637326-7247-4232-9316-4A906F91933E}
		{3AE9B418-5A24-4A50-A6F7-F87AC2D103D3} = {A4637326-7247-4232-9316-4A906F91933E}
		{962416C7-4F1A-42A1-84AC-5CA8A75D0768} = {8C15B47C-C9B8-4FC6-9141-6D2D810F3EEF}
	EndGlobalSection
EndGlobal
